
Microsoft Visual Studio Solution File, Format Version 12.00
# Visual Studio Version 17
VisualStudioVersion = 17.0.31903.59
MinimumVisualStudioVersion = 10.0.40219.1
Project("{FAE04EC0-301F-11D3-BF4B-00C04F79EFBC}") = "GeometryApplicatiConsole", "GeometryApplicatiConsole\GeometryApplicatiConsole.csproj", "{804EA462-C361-4895-A614-F83B6175166C}"
EndProject
Project("{FAE04EC0-301F-11D3-BF4B-00C04F79EFBC}") = "GeometryApplicationlibrary", "GeometryApplicationlibrary\GeometryApplicationlibrary.csproj", "{DFDA7E9F-EAD6-492A-B279-A8AC46AF3A25}"
EndProject
Project("{FAE04EC0-301F-11D3-BF4B-00C04F79EFBC}") = "GeometryApplicatiTest", "GeometryApplicatiTest\GeometryApplicatiTest.csproj", "{1D059A00-ED49-457D-83CC-F793FF5F6C8A}"
EndProject
Global
	GlobalSection(SolutionConfigurationPlatforms) = preSolution
		Debug|Any CPU = Debug|Any CPU
		Release|Any CPU = Release|Any CPU
	EndGlobalSection
	GlobalSection(SolutionProperties) = preSolution
		HideSolutionNode = FALSE
	EndGlobalSection
	GlobalSection(ProjectConfigurationPlatforms) = postSolution
		{804EA462-C361-4895-A614-F83B6175166C}.Debug|Any CPU.ActiveCfg = Debug|Any CPU
		{804EA462-C361-4895-A614-F83B6175166C}.Debug|Any CPU.Build.0 = Debug|Any CPU
		{804EA462-C361-4895-A614-F83B6175166C}.Release|Any CPU.ActiveCfg = Release|Any CPU
		{804EA462-C361-4895-A614-F83B6175166C}.Release|Any CPU.Build.0 = Release|Any CPU
		{DFDA7E9F-EAD6-492A-B279-A8AC46AF3A25}.Debug|Any CPU.ActiveCfg = Debug|Any CPU
		{DFDA7E9F-EAD6-492A-B279-A8AC46AF3A25}.Debug|Any CPU.Build.0 = Debug|Any CPU
		{DFDA7E9F-EAD6-492A-B279-A8AC46AF3A25}.Release|Any CPU.ActiveCfg = Release|Any CPU
		{DFDA7E9F-EAD6-492A-B279-A8AC46AF3A25}.Release|Any CPU.Build.0 = Release|Any CPU
		{1D059A00-ED49-457D-83CC-F793FF5F6C8A}.Debug|Any CPU.ActiveCfg = Debug|Any CPU
		{1D059A00-ED49-457D-83CC-F793FF5F6C8A}.Debug|Any CPU.Build.0 = Debug|Any CPU
		{1D059A00-ED49-457D-83CC-F793FF5F6C8A}.Release|Any CPU.ActiveCfg = Release|Any CPU
		{1D059A00-ED49-457D-83CC-F793FF5F6C8A}.Release|Any CPU.Build.0 = Release|Any CPU
	EndGlobalSection
EndGlobal
